
Microsoft Visual Studio Solution File, Format Version 12.00
# Visual Studio Version 16
VisualStudioVersion = 16.0.30907.101
MinimumVisualStudioVersion = 10.0.40219.1
Project("{FAE04EC0-301F-11D3-BF4B-00C04F79EFBC}") = "Faceted Builder", "Faceted Builder.csproj", "{43EB250A-1326-4515-8501-0F24AEBD7285}"
EndProject
Global
	GlobalSection(SolutionConfigurationPlatforms) = preSolution
		Debug|Any CPU = Debug|Any CPU
		Release|Any CPU = Release|Any CPU
	EndGlobalSection
	GlobalSection(ProjectConfigurationPlatforms) = postSolution
		{43EB250A-1326-4515-8501-0F24AEBD7285}.Debug|Any CPU.ActiveCfg = Debug|Any CPU
		{43EB250A-1326-4515-8501-0F24AEBD7285}.Debug|Any CPU.Build.0 = Debug|Any CPU
		{43EB250A-1326-4515-8501-0F24AEBD7285}.Release|Any CPU.ActiveCfg = Release|Any CPU
		{43EB250A-1326-4515-8501-0F24AEBD7285}.Release|Any CPU.Build.0 = Release|Any CPU
	EndGlobalSection
	GlobalSection(SolutionProperties) = preSolution
		HideSolutionNode = FALSE
	EndGlobalSection
	GlobalSection(ExtensibilityGlobals) = postSolution
		SolutionGuid = {0BAF2894-51F4-41E1-87B8-5A8CC50CF699}
	EndGlobalSection
EndGlobal
