
Microsoft Visual Studio Solution File, Format Version 12.00
# Visual Studio Version 16
VisualStudioVersion = 16.0.31019.35
MinimumVisualStudioVersion = 10.0.40219.1
Project("{FAE04EC0-301F-11D3-BF4B-00C04F79EFBC}") = "Prototype", "Prototype\Prototype.csproj", "{8C470DFA-C73E-4F12-B1AD-39F100AD0595}"
EndProject
Project("{FAE04EC0-301F-11D3-BF4B-00C04F79EFBC}") = "Prototype Inheritance", "Prototype Inheritance\Prototype Inheritance.csproj", "{A385243E-3B77-4D5D-98D4-5800ACB26926}"
EndProject
Project("{FAE04EC0-301F-11D3-BF4B-00C04F79EFBC}") = "Prototype Inheritance Fixed", "Prototype Inheritance Fixed\Prototype Inheritance Fixed.csproj", "{CC77148B-14CB-40DE-9801-98A5AF66B424}"
EndProject
Project("{FAE04EC0-301F-11D3-BF4B-00C04F79EFBC}") = "Copy Through Serialization", "Copy Through Serialization\Copy Through Serialization.csproj", "{80CB84D6-3FD0-49C0-8FF7-A88060C5E682}"
EndProject
Project("{FAE04EC0-301F-11D3-BF4B-00C04F79EFBC}") = "Prototype Exercise", "Prototype Exercise\Prototype Exercise.csproj", "{AA1B5419-3AFB-4046-B229-0DC364DEAAAD}"
EndProject
Global
	GlobalSection(SolutionConfigurationPlatforms) = preSolution
		Debug|Any CPU = Debug|Any CPU
		Release|Any CPU = Release|Any CPU
	EndGlobalSection
	GlobalSection(ProjectConfigurationPlatforms) = postSolution
		{8C470DFA-C73E-4F12-B1AD-39F100AD0595}.Debug|Any CPU.ActiveCfg = Debug|Any CPU
		{8C470DFA-C73E-4F12-B1AD-39F100AD0595}.Debug|Any CPU.Build.0 = Debug|Any CPU
		{8C470DFA-C73E-4F12-B1AD-39F100AD0595}.Release|Any CPU.ActiveCfg = Release|Any CPU
		{8C470DFA-C73E-4F12-B1AD-39F100AD0595}.Release|Any CPU.Build.0 = Release|Any CPU
		{A385243E-3B77-4D5D-98D4-5800ACB26926}.Debug|Any CPU.ActiveCfg = Debug|Any CPU
		{A385243E-3B77-4D5D-98D4-5800ACB26926}.Debug|Any CPU.Build.0 = Debug|Any CPU
		{A385243E-3B77-4D5D-98D4-5800ACB26926}.Release|Any CPU.ActiveCfg = Release|Any CPU
		{A385243E-3B77-4D5D-98D4-5800ACB26926}.Release|Any CPU.Build.0 = Release|Any CPU
		{CC77148B-14CB-40DE-9801-98A5AF66B424}.Debug|Any CPU.ActiveCfg = Debug|Any CPU
		{CC77148B-14CB-40DE-9801-98A5AF66B424}.Debug|Any CPU.Build.0 = Debug|Any CPU
		{CC77148B-14CB-40DE-9801-98A5AF66B424}.Release|Any CPU.ActiveCfg = Release|Any CPU
		{CC77148B-14CB-40DE-9801-98A5AF66B424}.Release|Any CPU.Build.0 = Release|Any CPU
		{80CB84D6-3FD0-49C0-8FF7-A88060C5E682}.Debug|Any CPU.ActiveCfg = Debug|Any CPU
		{80CB84D6-3FD0-49C0-8FF7-A88060C5E682}.Debug|Any CPU.Build.0 = Debug|Any CPU
		{80CB84D6-3FD0-49C0-8FF7-A88060C5E682}.Release|Any CPU.ActiveCfg = Release|Any CPU
		{80CB84D6-3FD0-49C0-8FF7-A88060C5E682}.Release|Any CPU.Build.0 = Release|Any CPU
		{AA1B5419-3AFB-4046-B229-0DC364DEAAAD}.Debug|Any CPU.ActiveCfg = Debug|Any CPU
		{AA1B5419-3AFB-4046-B229-0DC364DEAAAD}.Debug|Any CPU.Build.0 = Debug|Any CPU
		{AA1B5419-3AFB-4046-B229-0DC364DEAAAD}.Release|Any CPU.ActiveCfg = Release|Any CPU
		{AA1B5419-3AFB-4046-B229-0DC364DEAAAD}.Release|Any CPU.Build.0 = Release|Any CPU
	EndGlobalSection
	GlobalSection(SolutionProperties) = preSolution
		HideSolutionNode = FALSE
	EndGlobalSection
	GlobalSection(ExtensibilityGlobals) = postSolution
		SolutionGuid = {E6C4B818-51A1-4DDC-B388-B194D3BBBAB0}
	EndGlobalSection
EndGlobal
